# generated by rye
# use `rye lock` or `rye sync` to update this lockfile
#
# last locked with the following flags:
#   pre: false
#   features: []
#   all-features: false
#   with-sources: false
#   generate-hashes: false
#   universal: true

blinker==1.8.2
    # via flask
certifi==2024.7.4
    # via requests
charset-normalizer==3.3.2
    # via requests
click==8.1.7
    # via flask
colorama==0.4.6 ; platform_system == 'Windows'
    # via click
environs==11.0.0
flask==3.0.3
gunicorn==22.0.0
icalendar==5.0.13
idna==3.7
    # via requests
itsdangerous==2.2.0
    # via flask
jinja2==3.1.4
    # via flask
markupsafe==2.1.5
    # via jinja2
    # via werkzeug
marshmallow==3.21.3
    # via environs
packaging==24.1
    # via gunicorn
    # via marshmallow
python-dateutil==2.9.0.post0
    # via icalendar
python-dotenv==1.0.1
    # via environs
pytz==2024.1
    # via icalendar
requests==2.32.3
six==1.16.0
    # via python-dateutil
urllib3==2.2.2
    # via requests
werkzeug==3.0.3
    # via flask
